
Microsoft Visual Studio Solution File, Format Version 12.00
# Visual Studio 15
VisualStudioVersion = 15.0.28010.2016
MinimumVisualStudioVersion = 10.0.40219.1
Project("{FAE04EC0-301F-11D3-BF4B-00C04F79EFBC}") = "Minesweeper", "Minesweeper\Minesweeper.csproj", "{DEC96CFA-6E43-4811-8309-FAFB2C250FF3}"
EndProject
Global
	GlobalSection(SolutionConfigurationPlatforms) = preSolution
		Debug|Any CPU = Debug|Any CPU
		Release|Any CPU = Release|Any CPU
	EndGlobalSection
	GlobalSection(ProjectConfigurationPlatforms) = postSolution
		{DEC96CFA-6E43-4811-8309-FAFB2C250FF3}.Debug|Any CPU.ActiveCfg = Debug|Any CPU
		{DEC96CFA-6E43-4811-8309-FAFB2C250FF3}.Debug|Any CPU.Build.0 = Debug|Any CPU
		{DEC96CFA-6E43-4811-8309-FAFB2C250FF3}.Release|Any CPU.ActiveCfg = Release|Any CPU
		{DEC96CFA-6E43-4811-8309-FAFB2C250FF3}.Release|Any CPU.Build.0 = Release|Any CPU
	EndGlobalSection
	GlobalSection(SolutionProperties) = preSolution
		HideSolutionNode = FALSE
	EndGlobalSection
	GlobalSection(ExtensibilityGlobals) = postSolution
		SolutionGuid = {C16F2DA5-1451-4216-A238-0C6A08DB552C}
	EndGlobalSection
EndGlobal
